
Microsoft Visual Studio Solution File, Format Version 12.00
# Visual Studio Version 16
VisualStudioVersion = 16.0.30114.105
MinimumVisualStudioVersion = 10.0.40219.1
Project("{FAE04EC0-301F-11D3-BF4B-00C04F79EFBC}") = "SportsStore", "SportsStore\SportsStore.csproj", "{EE12EBFD-1730-437F-9B12-7749889B6D14}"
EndProject
Project("{FAE04EC0-301F-11D3-BF4B-00C04F79EFBC}") = "SportsStore.Tests", "SportsStore.Tests\SportsStore.Tests.csproj", "{8E915C45-9937-4C8A-BC7E-5C78964A226E}"
EndProject
Global
	GlobalSection(SolutionConfigurationPlatforms) = preSolution
		Debug|Any CPU = Debug|Any CPU
		Release|Any CPU = Release|Any CPU
	EndGlobalSection
	GlobalSection(SolutionProperties) = preSolution
		HideSolutionNode = FALSE
	EndGlobalSection
	GlobalSection(ProjectConfigurationPlatforms) = postSolution
		{EE12EBFD-1730-437F-9B12-7749889B6D14}.Debug|Any CPU.ActiveCfg = Debug|Any CPU
		{EE12EBFD-1730-437F-9B12-7749889B6D14}.Debug|Any CPU.Build.0 = Debug|Any CPU
		{EE12EBFD-1730-437F-9B12-7749889B6D14}.Release|Any CPU.ActiveCfg = Release|Any CPU
		{EE12EBFD-1730-437F-9B12-7749889B6D14}.Release|Any CPU.Build.0 = Release|Any CPU
		{8E915C45-9937-4C8A-BC7E-5C78964A226E}.Debug|Any CPU.ActiveCfg = Debug|Any CPU
		{8E915C45-9937-4C8A-BC7E-5C78964A226E}.Debug|Any CPU.Build.0 = Debug|Any CPU
		{8E915C45-9937-4C8A-BC7E-5C78964A226E}.Release|Any CPU.ActiveCfg = Release|Any CPU
		{8E915C45-9937-4C8A-BC7E-5C78964A226E}.Release|Any CPU.Build.0 = Release|Any CPU
	EndGlobalSection
EndGlobal
